<?xml version="1.0" encoding="utf-8"?>
<Project ToolsVersion="4.0" xmlns="http://schemas.microsoft.com/developer/msbuild/2003">
  <ItemGroup>
    <Filter Include="Archivos de origen">
      <UniqueIdentifier>{4FC737F1-C7A5-4376-A066-2A32D752A2FF}</UniqueIdentifier>
      <Extensions>cpp;c;cc;cxx;c++;cppm;ixx;def;odl;idl;hpj;bat;asm;asmx</Extensions>
    </Filter>
    <Filter Include="Archivos de encabezado">
      <UniqueIdentifier>{93995380-89BD-4b04-88EB-625FBE52EBFB}</UniqueIdentifier>
      <Extensions>h;hh;hpp;hxx;h++;hm;inl;inc;ipp;xsd</Extensions>
    </Filter>
    <Filter Include="Archivos de recursos">
      <UniqueIdentifier>{67DA6AB6-F800-4c08-8B7A-83BB121AAD01}</UniqueIdentifier>
      <Extensions>rc;ico;cur;bmp;dlg;rc2;rct;bin;rgs;gif;jpg;jpeg;jpe;resx;tiff;tif;png;wav;mfcribbon-ms</Extensions>
    </Filter>
    <Filter Include="Archivos de origen\Implementations">
      <UniqueIdentifier>{a55b615d-7150-484d-af86-36e623bd17b4}</UniqueIdentifier>
    </Filter>
    <Filter Include="Archivos de recursos\OBJ">
      <UniqueIdentifier>{88e52e86-b6e0-49f0-965e-8a27cbba5fb8}</UniqueIdentifier>
    </Filter>
    <Filter Include="Archivos de recursos\Shaders">
      <UniqueIdentifier>{013d017e-8b75-4dfc-93b7-847304ae8b25}</UniqueIdentifier>
    </Filter>
    <Filter Include="Archivos de recursos\Shaders\TwistShader">
      <UniqueIdentifier>{5b7f845a-20b4-4f81-b022-d30a0104dd4a}</UniqueIdentifier>
    </Filter>
    <Filter Include="Archivos de recursos\Shaders\wave">
      <UniqueIdentifier>{09a4925e-8036-4251-bd0f-6cc0c7945443}</UniqueIdentifier>
    </Filter>
  </ItemGroup>
  <ItemGroup>
    <ClCompile Include="glad.c">
      <Filter>Archivos de origen</Filter>
    </ClCompile>
    <ClCompile Include="Main.cpp">
      <Filter>Archivos de origen</Filter>
    </ClCompile>
    <ClCompile Include="Elements\Implementations\Camera.cpp">
      <Filter>Archivos de origen\Implementations</Filter>
    </ClCompile>
    <ClCompile Include="Elements\Implementations\EBO.cpp">
      <Filter>Archivos de origen\Implementations</Filter>
    </ClCompile>
    <ClCompile Include="Elements\Implementations\Mesh.cpp">
      <Filter>Archivos de origen\Implementations</Filter>
    </ClCompile>
    <ClCompile Include="Elements\Implementations\shaderClass.cpp">
      <Filter>Archivos de origen\Implementations</Filter>
    </ClCompile>
    <ClCompile Include="Elements\Implementations\stb.cpp">
      <Filter>Archivos de origen\Implementations</Filter>
    </ClCompile>
    <ClCompile Include="Elements\Implementations\Texture.cpp">
      <Filter>Archivos de origen\Implementations</Filter>
    </ClCompile>
    <ClCompile Include="Elements\Implementations\VAO.cpp">
      <Filter>Archivos de origen\Implementations</Filter>
    </ClCompile>
    <ClCompile Include="Elements\Implementations\VBO.cpp">
      <Filter>Archivos de origen\Implementations</Filter>
    </ClCompile>
    <ClCompile Include="Elements\Implementations\ObjModel.cpp">
      <Filter>Archivos de origen\Implementations</Filter>
    </ClCompile>
  </ItemGroup>
  <ItemGroup>
    <ClInclude Include="Elements\Camera.h">
      <Filter>Archivos de encabezado</Filter>
    </ClInclude>
    <ClInclude Include="Elements\EBO.h">
      <Filter>Archivos de encabezado</Filter>
    </ClInclude>
    <ClInclude Include="Elements\Mesh.h">
      <Filter>Archivos de encabezado</Filter>
    </ClInclude>
    <ClInclude Include="Elements\shaderClass.h">
      <Filter>Archivos de encabezado</Filter>
    </ClInclude>
    <ClInclude Include="Elements\Texture.h">
      <Filter>Archivos de encabezado</Filter>
    </ClInclude>
    <ClInclude Include="Elements\VAO.h">
      <Filter>Archivos de encabezado</Filter>
    </ClInclude>
    <ClInclude Include="Elements\VBO.h">
      <Filter>Archivos de encabezado</Filter>
    </ClInclude>
    <ClInclude Include="Elements\ObjModel.h">
      <Filter>Archivos de encabezado</Filter>
    </ClInclude>
  </ItemGroup>
  <ItemGroup>
    <None Include="Resources\Shaders\default\default.frag">
      <Filter>Archivos de recursos</Filter>
    </None>
    <None Include="Resources\Shaders\default\default.vert">
      <Filter>Archivos de recursos</Filter>
    </None>
    <None Include="Resources\Shaders\obj\default.frag">
      <Filter>Archivos de recursos\OBJ</Filter>
    </None>
    <None Include="Resources\Shaders\obj\default.vert">
      <Filter>Archivos de recursos\OBJ</Filter>
    </None>
    <None Include="Resources\Shaders\twister\twist.vert">
      <Filter>Archivos de recursos\Shaders\TwistShader</Filter>
    </None>
    <None Include="Resources\Shaders\wavecolors\wave.frag">
      <Filter>Archivos de recursos\Shaders\wave</Filter>
    </None>
    <None Include="Resources\Shaders\toonshader\toon.frag">
      <Filter>Archivos de recursos\Shaders</Filter>
    </None>
  </ItemGroup>
</Project>